
Microsoft Visual Studio Solution File, Format Version 12.00
# Visual Studio Version 16
VisualStudioVersion = 16.0.30611.23
MinimumVisualStudioVersion = 10.0.40219.1
Project("{9A19103F-16F7-4668-BE54-9A1E7A4F7556}") = "IP_CW1_CSharp", "IP_CW1_CSharp\IP_CW1_CSharp.csproj", "{7DF2F912-4307-448D-8E88-98A791974793}"
EndProject
Project("{FAE04EC0-301F-11D3-BF4B-00C04F79EFBC}") = "MVC_IP_CW", "MVC_IP_CW\MVC_IP_CW.csproj", "{66B5B16A-1ECE-49DE-BC27-AC84699CDEE4}"
EndProject
Global
	GlobalSection(SolutionConfigurationPlatforms) = preSolution
		Debug|Any CPU = Debug|Any CPU
		Release|Any CPU = Release|Any CPU
	EndGlobalSection
	GlobalSection(ProjectConfigurationPlatforms) = postSolution
		{7DF2F912-4307-448D-8E88-98A791974793}.Debug|Any CPU.ActiveCfg = Debug|Any CPU
		{7DF2F912-4307-448D-8E88-98A791974793}.Debug|Any CPU.Build.0 = Debug|Any CPU
		{7DF2F912-4307-448D-8E88-98A791974793}.Release|Any CPU.ActiveCfg = Release|Any CPU
		{7DF2F912-4307-448D-8E88-98A791974793}.Release|Any CPU.Build.0 = Release|Any CPU
		{66B5B16A-1ECE-49DE-BC27-AC84699CDEE4}.Debug|Any CPU.ActiveCfg = Debug|Any CPU
		{66B5B16A-1ECE-49DE-BC27-AC84699CDEE4}.Debug|Any CPU.Build.0 = Debug|Any CPU
		{66B5B16A-1ECE-49DE-BC27-AC84699CDEE4}.Release|Any CPU.ActiveCfg = Release|Any CPU
		{66B5B16A-1ECE-49DE-BC27-AC84699CDEE4}.Release|Any CPU.Build.0 = Release|Any CPU
	EndGlobalSection
	GlobalSection(SolutionProperties) = preSolution
		HideSolutionNode = FALSE
	EndGlobalSection
	GlobalSection(ExtensibilityGlobals) = postSolution
		SolutionGuid = {38A0AFDC-9C3F-4EE9-95C1-C696BCA2076F}
	EndGlobalSection
EndGlobal
